
Microsoft Visual Studio Solution File, Format Version 12.00
# Visual Studio Version 16
VisualStudioVersion = 16.0.31205.134
MinimumVisualStudioVersion = 10.0.40219.1
Project("{FAE04EC0-301F-11D3-BF4B-00C04F79EFBC}") = "Basic_Calculator.Android", "Basic_Calculator\Basic_Calculator.Android\Basic_Calculator.Android.csproj", "{42DE5F2D-FD20-4973-9615-CF4568401F4B}"
EndProject
Project("{FAE04EC0-301F-11D3-BF4B-00C04F79EFBC}") = "Basic_Calculator.iOS", "Basic_Calculator\Basic_Calculator.iOS\Basic_Calculator.iOS.csproj", "{65D1CD41-6ACC-4EA6-B170-D35EB4A8BADC}"
EndProject
Project("{FAE04EC0-301F-11D3-BF4B-00C04F79EFBC}") = "Basic_Calculator", "Basic_Calculator\Basic_Calculator\Basic_Calculator.csproj", "{1BF65170-5DD4-494F-AE18-FB9AA523FB64}"
EndProject
Global
	GlobalSection(SolutionConfigurationPlatforms) = preSolution
		Debug|Any CPU = Debug|Any CPU
		Debug|iPhone = Debug|iPhone
		Debug|iPhoneSimulator = Debug|iPhoneSimulator
		Release|Any CPU = Release|Any CPU
		Release|iPhone = Release|iPhone
		Release|iPhoneSimulator = Release|iPhoneSimulator
	EndGlobalSection
	GlobalSection(ProjectConfigurationPlatforms) = postSolution
		{42DE5F2D-FD20-4973-9615-CF4568401F4B}.Debug|Any CPU.ActiveCfg = Debug|Any CPU
		{42DE5F2D-FD20-4973-9615-CF4568401F4B}.Debug|Any CPU.Build.0 = Debug|Any CPU
		{42DE5F2D-FD20-4973-9615-CF4568401F4B}.Debug|Any CPU.Deploy.0 = Debug|Any CPU
		{42DE5F2D-FD20-4973-9615-CF4568401F4B}.Debug|iPhone.ActiveCfg = Debug|Any CPU
		{42DE5F2D-FD20-4973-9615-CF4568401F4B}.Debug|iPhone.Build.0 = Debug|Any CPU
		{42DE5F2D-FD20-4973-9615-CF4568401F4B}.Debug|iPhone.Deploy.0 = Debug|Any CPU
		{42DE5F2D-FD20-4973-9615-CF4568401F4B}.Debug|iPhoneSimulator.ActiveCfg = Debug|Any CPU
		{42DE5F2D-FD20-4973-9615-CF4568401F4B}.Debug|iPhoneSimulator.Build.0 = Debug|Any CPU
		{42DE5F2D-FD20-4973-9615-CF4568401F4B}.Debug|iPhoneSimulator.Deploy.0 = Debug|Any CPU
		{42DE5F2D-FD20-4973-9615-CF4568401F4B}.Release|Any CPU.ActiveCfg = Release|Any CPU
		{42DE5F2D-FD20-4973-9615-CF4568401F4B}.Release|Any CPU.Build.0 = Release|Any CPU
		{42DE5F2D-FD20-4973-9615-CF4568401F4B}.Release|Any CPU.Deploy.0 = Release|Any CPU
		{42DE5F2D-FD20-4973-9615-CF4568401F4B}.Release|iPhone.ActiveCfg = Release|Any CPU
		{42DE5F2D-FD20-4973-9615-CF4568401F4B}.Release|iPhone.Build.0 = Release|Any CPU
		{42DE5F2D-FD20-4973-9615-CF4568401F4B}.Release|iPhone.Deploy.0 = Release|Any CPU
		{42DE5F2D-FD20-4973-9615-CF4568401F4B}.Release|iPhoneSimulator.ActiveCfg = Release|Any CPU
		{42DE5F2D-FD20-4973-9615-CF4568401F4B}.Release|iPhoneSimulator.Build.0 = Release|Any CPU
		{42DE5F2D-FD20-4973-9615-CF4568401F4B}.Release|iPhoneSimulator.Deploy.0 = Release|Any CPU
		{65D1CD41-6ACC-4EA6-B170-D35EB4A8BADC}.Debug|Any CPU.ActiveCfg = Debug|iPhone
		{65D1CD41-6ACC-4EA6-B170-D35EB4A8BADC}.Debug|Any CPU.Build.0 = Debug|iPhone
		{65D1CD41-6ACC-4EA6-B170-D35EB4A8BADC}.Debug|Any CPU.Deploy.0 = Debug|iPhone
		{65D1CD41-6ACC-4EA6-B170-D35EB4A8BADC}.Debug|iPhone.ActiveCfg = Debug|iPhone
		{65D1CD41-6ACC-4EA6-B170-D35EB4A8BADC}.Debug|iPhone.Build.0 = Debug|iPhone
		{65D1CD41-6ACC-4EA6-B170-D35EB4A8BADC}.Debug|iPhone.Deploy.0 = Debug|iPhone
		{65D1CD41-6ACC-4EA6-B170-D35EB4A8BADC}.Debug|iPhoneSimulator.ActiveCfg = Debug|iPhoneSimulator
		{65D1CD41-6ACC-4EA6-B170-D35EB4A8BADC}.Debug|iPhoneSimulator.Build.0 = Debug|iPhoneSimulator
		{65D1CD41-6ACC-4EA6-B170-D35EB4A8BADC}.Debug|iPhoneSimulator.Deploy.0 = Debug|iPhoneSimulator
		{65D1CD41-6ACC-4EA6-B170-D35EB4A8BADC}.Release|Any CPU.ActiveCfg = Release|iPhoneSimulator
		{65D1CD41-6ACC-4EA6-B170-D35EB4A8BADC}.Release|Any CPU.Build.0 = Release|iPhoneSimulator
		{65D1CD41-6ACC-4EA6-B170-D35EB4A8BADC}.Release|Any CPU.Deploy.0 = Release|iPhoneSimulator
		{65D1CD41-6ACC-4EA6-B170-D35EB4A8BADC}.Release|iPhone.ActiveCfg = Release|iPhone
		{65D1CD41-6ACC-4EA6-B170-D35EB4A8BADC}.Release|iPhone.Build.0 = Release|iPhone
		{65D1CD41-6ACC-4EA6-B170-D35EB4A8BADC}.Release|iPhone.Deploy.0 = Release|iPhone
		{65D1CD41-6ACC-4EA6-B170-D35EB4A8BADC}.Release|iPhoneSimulator.ActiveCfg = Release|iPhoneSimulator
		{65D1CD41-6ACC-4EA6-B170-D35EB4A8BADC}.Release|iPhoneSimulator.Build.0 = Release|iPhoneSimulator
		{65D1CD41-6ACC-4EA6-B170-D35EB4A8BADC}.Release|iPhoneSimulator.Deploy.0 = Release|iPhoneSimulator
		{1BF65170-5DD4-494F-AE18-FB9AA523FB64}.Debug|Any CPU.ActiveCfg = Debug|Any CPU
		{1BF65170-5DD4-494F-AE18-FB9AA523FB64}.Debug|Any CPU.Build.0 = Debug|Any CPU
		{1BF65170-5DD4-494F-AE18-FB9AA523FB64}.Debug|Any CPU.Deploy.0 = Debug|Any CPU
		{1BF65170-5DD4-494F-AE18-FB9AA523FB64}.Debug|iPhone.ActiveCfg = Debug|Any CPU
		{1BF65170-5DD4-494F-AE18-FB9AA523FB64}.Debug|iPhone.Build.0 = Debug|Any CPU
		{1BF65170-5DD4-494F-AE18-FB9AA523FB64}.Debug|iPhone.Deploy.0 = Debug|Any CPU
		{1BF65170-5DD4-494F-AE18-FB9AA523FB64}.Debug|iPhoneSimulator.ActiveCfg = Debug|Any CPU
		{1BF65170-5DD4-494F-AE18-FB9AA523FB64}.Debug|iPhoneSimulator.Build.0 = Debug|Any CPU
		{1BF65170-5DD4-494F-AE18-FB9AA523FB64}.Debug|iPhoneSimulator.Deploy.0 = Debug|Any CPU
		{1BF65170-5DD4-494F-AE18-FB9AA523FB64}.Release|Any CPU.ActiveCfg = Release|Any CPU
		{1BF65170-5DD4-494F-AE18-FB9AA523FB64}.Release|Any CPU.Build.0 = Release|Any CPU
		{1BF65170-5DD4-494F-AE18-FB9AA523FB64}.Release|Any CPU.Deploy.0 = Release|Any CPU
		{1BF65170-5DD4-494F-AE18-FB9AA523FB64}.Release|iPhone.ActiveCfg = Release|Any CPU
		{1BF65170-5DD4-494F-AE18-FB9AA523FB64}.Release|iPhone.Build.0 = Release|Any CPU
		{1BF65170-5DD4-494F-AE18-FB9AA523FB64}.Release|iPhone.Deploy.0 = Release|Any CPU
		{1BF65170-5DD4-494F-AE18-FB9AA523FB64}.Release|iPhoneSimulator.ActiveCfg = Release|Any CPU
		{1BF65170-5DD4-494F-AE18-FB9AA523FB64}.Release|iPhoneSimulator.Build.0 = Release|Any CPU
		{1BF65170-5DD4-494F-AE18-FB9AA523FB64}.Release|iPhoneSimulator.Deploy.0 = Release|Any CPU
	EndGlobalSection
	GlobalSection(SolutionProperties) = preSolution
		HideSolutionNode = FALSE
	EndGlobalSection
	GlobalSection(ExtensibilityGlobals) = postSolution
		SolutionGuid = {9D9A4CD3-6E45-4763-8BA7-C6423B25CF2E}
	EndGlobalSection
EndGlobal
